
Microsoft Visual Studio Solution File, Format Version 12.00
# Visual Studio Version 17
VisualStudioVersion = 17.0.31919.166
MinimumVisualStudioVersion = 10.0.40219.1
Project("{FAE04EC0-301F-11D3-BF4B-00C04F79EFBC}") = "OptionsWindow", "OptionsWindow\OptionsWindow.csproj", "{24882B15-FE4E-4019-A415-E81E84101996}"
EndProject
Global
	GlobalSection(SolutionConfigurationPlatforms) = preSolution
		Debug|Any CPU = Debug|Any CPU
		Release|Any CPU = Release|Any CPU
	EndGlobalSection
	GlobalSection(ProjectConfigurationPlatforms) = postSolution
		{24882B15-FE4E-4019-A415-E81E84101996}.Debug|Any CPU.ActiveCfg = Debug|Any CPU
		{24882B15-FE4E-4019-A415-E81E84101996}.Debug|Any CPU.Build.0 = Debug|Any CPU
		{24882B15-FE4E-4019-A415-E81E84101996}.Release|Any CPU.ActiveCfg = Release|Any CPU
		{24882B15-FE4E-4019-A415-E81E84101996}.Release|Any CPU.Build.0 = Release|Any CPU
	EndGlobalSection
	GlobalSection(SolutionProperties) = preSolution
		HideSolutionNode = FALSE
	EndGlobalSection
	GlobalSection(ExtensibilityGlobals) = postSolution
		SolutionGuid = {7C86CA80-85BA-44A1-BC0F-04F95A269E79}
	EndGlobalSection
EndGlobal
